// !$*UTF8*$!
{
	archiveVersion = 1;
	classes = {
	};
	objectVersion = 77;
	objects = {

/* Begin PBXContainerItemProxy section */
		F914A3D42ECCA8E20053984D /* PBXContainerItemProxy */ = {
			isa = PBXContainerItemProxy;
			containerPortal = F914A3BE2ECCA8DF0053984D /* Project object */;
			proxyType = 1;
			remoteGlobalIDString = F914A3C52ECCA8DF0053984D;
			remoteInfo = "Water Reminder";
		};
		F914A3DE2ECCA8E20053984D /* PBXContainerItemProxy */ = {
			isa = PBXContainerItemProxy;
			containerPortal = F914A3BE2ECCA8DF0053984D /* Project object */;
			proxyType = 1;
			remoteGlobalIDString = F914A3C52ECCA8DF0053984D;
			remoteInfo = "Water Reminder";
		};
/* End PBXContainerItemProxy section */

/* Begin PBXFileReference section */
		F914A3C62ECCA8DF0053984D /* Water Reminder.app */ = {isa = PBXFileReference; explicitFileType = wrapper.application; includeInIndex = 0; path = "Water Reminder.app"; sourceTree = BUILT_PRODUCTS_DIR; };
		F914A3D32ECCA8E20053984D /* Water ReminderTests.xctest */ = {isa = PBXFileReference; explicitFileType = wrapper.cfbundle; includeInIndex = 0; path = "Water ReminderTests.xctest"; sourceTree = BUILT_PRODUCTS_DIR; };
		F914A3DD2ECCA8E20053984D /* Water ReminderUITests.xctest */ = {isa = PBXFileReference; explicitFileType = wrapper.cfbundle; includeInIndex = 0; path = "Water ReminderUITests.xctest"; sourceTree = BUILT_PRODUCTS_DIR; };
/* End PBXFileReference section */

/* Begin PBXFileSystemSynchronizedRootGroup section */
		F914A3C82ECCA8DF0053984D /* Water Reminder */ = {
			isa = PBXFileSystemSynchronizedRootGroup;
			path = "Water Reminder";
			sourceTree = "<group>";
		};
		F914A3D62ECCA8E20053984D /* Water ReminderTests */ = {
			isa = PBXFileSystemSynchronizedRootGroup;
			path = "Water ReminderTests";
			sourceTree = "<group>";
		};
		F914A3E02ECCA8E20053984D /* Water ReminderUITests */ = {
			isa = PBXFileSystemSynchronizedRootGroup;
			path = "Water ReminderUITests";
			sourceTree = "<group>";
		};
/* End PBXFileSystemSynchronizedRootGroup section */

/* Begin PBXFrameworksBuildPhase section */
		F914A3C32ECCA8DF0053984D /* Frameworks */ = {
			isa = PBXFrameworksBuildPhase;
			buildActionMask = 2147483647;
			files = (
			);
			runOnlyForDeploymentPostprocessing = 0;
		};
		F914A3D02ECCA8E20053984D /* Frameworks */ = {
			isa = PBXFrameworksBuildPhase;
			buildActionMask = 2147483647;
			files = (
			);
			runOnlyForDeploymentPostprocessing = 0;
		};
		F914A3DA2ECCA8E20053984D /* Frameworks */ = {
			isa = PBXFrameworksBuildPhase;
			buildActionMask = 2147483647;
			files = (
			);
			runOnlyForDeploymentPostprocessing = 0;
		};
/* End PBXFrameworksBuildPhase section */

/* Begin PBXGroup section */
		F914A3BD2ECCA8DF0053984D = {
			isa = PBXGroup;
			children = (
				F914A3C82ECCA8DF0053984D /* Water Reminder */,
				F914A3D62ECCA8E20053984D /* Water ReminderTests */,
				F914A3E02ECCA8E20053984D /* Water ReminderUITests */,
				F914A3C72ECCA8DF0053984D /* Products */,
			);
			sourceTree = "<group>";
		};
		F914A3C72ECCA8DF0053984D /* Products */ = {
			isa = PBXGroup;
			children = (
				F914A3C62ECCA8DF0053984D /* Water Reminder.app */,
				F914A3D32ECCA8E20053984D /* Water ReminderTests.xctest */,
				F914A3DD2ECCA8E20053984D /* Water ReminderUITests.xctest */,
			);
			name = Products;
			sourceTree = "<group>";
		};
/* End PBXGroup section */

/* Begin PBXNativeTarget section */
		F914A3C52ECCA8DF0053984D /* Water Reminder */ = {
			isa = PBXNativeTarget;
			buildConfigurationList = F914A3E72ECCA8E20053984D /* Build configuration list for PBXNativeTarget "Water Reminder" */;
			buildPhases = (
				F914A3C22ECCA8DF0053984D /* Sources */,
				F914A3C32ECCA8DF0053984D /* Frameworks */,
				F914A3C42ECCA8DF0053984D /* Resources */,
			);
			buildRules = (
			);
			dependencies = (
			);
			fileSystemSynchronizedGroups = (
				F914A3C82ECCA8DF0053984D /* Water Reminder */,
			);
			name = "Water Reminder";
			packageProductDependencies = (
			);
			productName = "Water Reminder";
			productReference = F914A3C62ECCA8DF0053984D /* Water Reminder.app */;
			productType = "com.apple.product-type.application";
		};
		F914A3D22ECCA8E20053984D /* Water ReminderTests */ = {
			isa = PBXNativeTarget;
			buildConfigurationList = F914A3EA2ECCA8E20053984D /* Build configuration list for PBXNativeTarget "Water ReminderTests" */;
			buildPhases = (
				F914A3CF2ECCA8E20053984D /* Sources */,
				F914A3D02ECCA8E20053984D /* Frameworks */,
				F914A3D12ECCA8E20053984D /* Resources */,
			);
			buildRules = (
			);
			dependencies = (
				F914A3D52ECCA8E20053984D /* PBXTargetDependency */,
			);
			fileSystemSynchronizedGroups = (
				F914A3D62ECCA8E20053984D /* Water ReminderTests */,
			);
			name = "Water ReminderTests";
			packageProductDependencies = (
			);
			productName = "Water ReminderTests";
			productReference = F914A3D32ECCA8E20053984D /* Water ReminderTests.xctest */;
			productType = "com.apple.product-type.bundle.unit-test";
		};
		F914A3DC2ECCA8E20053984D /* Water ReminderUITests */ = {
			isa = PBXNativeTarget;
			buildConfigurationList = F914A3ED2ECCA8E20053984D /* Build configuration list for PBXNativeTarget "Water ReminderUITests" */;
			buildPhases = (
				F914A3D92ECCA8E20053984D /* Sources */,
				F914A3DA2ECCA8E20053984D /* Frameworks */,
				F914A3DB2ECCA8E20053984D /* Resources */,
			);
			buildRules = (
			);
			dependencies = (
				F914A3DF2ECCA8E20053984D /* PBXTargetDependency */,
			);
			fileSystemSynchronizedGroups = (
				F914A3E02ECCA8E20053984D /* Water ReminderUITests */,
			);
			name = "Water ReminderUITests";
			packageProductDependencies = (
			);
			productName = "Water ReminderUITests";
			productReference = F914A3DD2ECCA8E20053984D /* Water ReminderUITests.xctest */;
			productType = "com.apple.product-type.bundle.ui-testing";
		};
/* End PBXNativeTarget section */

/* Begin PBXProject section */
		F914A3BE2ECCA8DF0053984D /* Project object */ = {
			isa = PBXProject;
			attributes = {
				BuildIndependentTargetsInParallel = 1;
				LastSwiftUpdateCheck = 1630;
				LastUpgradeCheck = 1630;
				TargetAttributes = {
					F914A3C52ECCA8DF0053984D = {
						CreatedOnToolsVersion = 16.3;
					};
					F914A3D22ECCA8E20053984D = {
						CreatedOnToolsVersion = 16.3;
						TestTargetID = F914A3C52ECCA8DF0053984D;
					};
					F914A3DC2ECCA8E20053984D = {
						CreatedOnToolsVersion = 16.3;
						TestTargetID = F914A3C52ECCA8DF0053984D;
					};
				};
			};
			buildConfigurationList = F914A3C12ECCA8DF0053984D /* Build configuration list for PBXProject "Water Reminder" */;
			developmentRegion = en;
			hasScannedForEncodings = 0;
			knownRegions = (
				en,
				Base,
			);
			mainGroup = F914A3BD2ECCA8DF0053984D;
			minimizedProjectReferenceProxies = 1;
			preferredProjectObjectVersion = 77;
			productRefGroup = F914A3C72ECCA8DF0053984D /* Products */;
			projectDirPath = "";
			projectRoot = "";
			targets = (
				F914A3C52ECCA8DF0053984D /* Water Reminder */,
				F914A3D22ECCA8E20053984D /* Water ReminderTests */,
				F914A3DC2ECCA8E20053984D /* Water ReminderUITests */,
			);
		};
/* End PBXProject section */

/* Begin PBXResourcesBuildPhase section */
		F914A3C42ECCA8DF0053984D /* Resources */ = {
			isa = PBXResourcesBuildPhase;
			buildActionMask = 2147483647;
			files = (
			);
			runOnlyForDeploymentPostprocessing = 0;
		};
		F914A3D12ECCA8E20053984D /* Resources */ = {
			isa = PBXResourcesBuildPhase;
			buildActionMask = 2147483647;
			files = (
			);
			runOnlyForDeploymentPostprocessing = 0;
		};
		F914A3DB2ECCA8E20053984D /* Resources */ = {
			isa = PBXResourcesBuildPhase;
			buildActionMask = 2147483647;
			files = (
			);
			runOnlyForDeploymentPostprocessing = 0;
		};
/* End PBXResourcesBuildPhase section */

/* Begin PBXSourcesBuildPhase section */
		F914A3C22ECCA8DF0053984D /* Sources */ = {
			isa = PBXSourcesBuildPhase;
			buildActionMask = 2147483647;
			files = (
			);
			runOnlyForDeploymentPostprocessing = 0;
		};
		F914A3CF2ECCA8E20053984D /* Sources */ = {
			isa = PBXSourcesBuildPhase;
			buildActionMask = 2147483647;
			files = (
			);
			runOnlyForDeploymentPostprocessing = 0;
		};
		F914A3D92ECCA8E20053984D /* Sources */ = {
			isa = PBXSourcesBuildPhase;
			buildActionMask = 2147483647;
			files = (
			);
			runOnlyForDeploymentPostprocessing = 0;
		};
/* End PBXSourcesBuildPhase section */

/* Begin PBXTargetDependency section */
		F914A3D52ECCA8E20053984D /* PBXTargetDependency */ = {
			isa = PBXTargetDependency;
			target = F914A3C52ECCA8DF0053984D /* Water Reminder */;
			targetProxy = F914A3D42ECCA8E20053984D /* PBXContainerItemProxy */;
		};
		F914A3DF2ECCA8E20053984D /* PBXTargetDependency */ = {
			isa = PBXTargetDependency;
			target = F914A3C52ECCA8DF0053984D /* Water Reminder */;
			targetProxy = F914A3DE2ECCA8E20053984D /* PBXContainerItemProxy */;
		};
/* End PBXTargetDependency section */

/* Begin XCBuildConfiguration section */
		F914A3E52ECCA8E20053984D /* Debug */ = {
			isa = XCBuildConfiguration;
			buildSettings = {
				ALWAYS_SEARCH_USER_PATHS = NO;
				ASSETCATALOG_COMPILER_GENERATE_SWIFT_ASSET_SYMBOL_EXTENSIONS = YES;
				CLANG_ANALYZER_NONNULL = YES;
				CLANG_ANALYZER_NUMBER_OBJECT_CONVERSION = YES_AGGRESSIVE;
				CLANG_CXX_LANGUAGE_STANDARD = "gnu++20";
				CLANG_ENABLE_MODULES = YES;
				CLANG_ENABLE_OBJC_ARC = YES;
				CLANG_ENABLE_OBJC_WEAK = YES;
				CLANG_WARN_BLOCK_CAPTURE_AUTORELEASING = YES;
				CLANG_WARN_BOOL_CONVERSION = YES;
				CLANG_WARN_COMMA = YES;
				CLANG_WARN_CONSTANT_CONVERSION = YES;
				CLANG_WARN_DEPRECATED_OBJC_IMPLEMENTATIONS = YES;
				CLANG_WARN_DIRECT_OBJC_ISA_USAGE = YES_ERROR;
				CLANG_WARN_DOCUMENTATION_COMMENTS = YES;
				CLANG_WARN_EMPTY_BODY = YES;
				CLANG_WARN_ENUM_CONVERSION = YES;
				CLANG_WARN_INFINITE_RECURSION = YES;
				CLANG_WARN_INT_CONVERSION = YES;
				CLANG_WARN_NON_LITERAL_NULL_CONVERSION = YES;
				CLANG_WARN_OBJC_IMPLICIT_RETAIN_SELF = YES;
				CLANG_WARN_OBJC_LITERAL_CONVERSION = YES;
				CLANG_WARN_OBJC_ROOT_CLASS = YES_ERROR;
				CLANG_WARN_QUOTED_INCLUDE_IN_FRAMEWORK_HEADER = YES;
				CLANG_WARN_RANGE_LOOP_ANALYSIS = YES;
				CLANG_WARN_STRICT_PROTOTYPES = YES;
				CLANG_WARN_SUSPICIOUS_MOVE = YES;
				CLANG_WARN_UNGUARDED_AVAILABILITY = YES_AGGRESSIVE;
				CLANG_WARN_UNREACHABLE_CODE = YES;
				CLANG_WARN__DUPLICATE_METHOD_MATCH = YES;
				COPY_PHASE_STRIP = NO;
				DEBUG_INFORMATION_FORMAT = dwarf;
				ENABLE_STRICT_OBJC_MSGSEND = YES;
				ENABLE_TESTABILITY = YES;
				ENABLE_USER_SCRIPT_SANDBOXING = YES;
				GCC_C_LANGUAGE_STANDARD = gnu17;
				GCC_DYNAMIC_NO_PIC = NO;
				GCC_NO_COMMON_BLOCKS = YES;
				GCC_OPTIMIZATION_LEVEL = 0;
				GCC_PREPROCESSOR_DEFINITIONS = (
					"DEBUG=1",
					"$(inherited)",
				);
				GCC_WARN_64_TO_32_BIT_CONVERSION = YES;
				GCC_WARN_ABOUT_RETURN_TYPE = YES_ERROR;
				GCC_WARN_UNDECLARED_SELECTOR = YES;
				GCC_WARN_UNINITIALIZED_AUTOS = YES_AGGRESSIVE;
				GCC_WARN_UNUSED_FUNCTION = YES;
				GCC_WARN_UNUSED_VARIABLE = YES;
				IPHONEOS_DEPLOYMENT_TARGET = 18.4;
				LOCALIZATION_PREFERS_STRING_CATALOGS = YES;
				MTL_ENABLE_DEBUG_INFO = INCLUDE_SOURCE;
				MTL_FAST_MATH = YES;
				ONLY_ACTIVE_ARCH = YES;
				SDKROOT = iphoneos;
				SWIFT_ACTIVE_COMPILATION_CONDITIONS = "DEBUG $(inherited)";
				SWIFT_OPTIMIZATION_LEVEL = "-Onone";
			};
			name = Debug;
		};
		F914A3E62ECCA8E20053984D /* Release */ = {
			isa = XCBuildConfiguration;
			buildSettings = {
				ALWAYS_SEARCH_USER_PATHS = NO;
				ASSETCATALOG_COMPILER_GENERATE_SWIFT_ASSET_SYMBOL_EXTENSIONS = YES;
				CLANG_ANALYZER_NONNULL = YES;
				CLANG_ANALYZER_NUMBER_OBJECT_CONVERSION = YES_AGGRESSIVE;
				CLANG_CXX_LANGUAGE_STANDARD = "gnu++20";
				CLANG_ENABLE_MODULES = YES;
				CLANG_ENABLE_OBJC_ARC = YES;
				CLANG_ENABLE_OBJC_WEAK = YES;
				CLANG_WARN_BLOCK_CAPTURE_AUTORELEASING = YES;
				CLANG_WARN_BOOL_CONVERSION = YES;
				CLANG_WARN_COMMA = YES;
				CLANG_WARN_CONSTANT_CONVERSION = YES;
				CLANG_WARN_DEPRECATED_OBJC_IMPLEMENTATIONS = YES;
				CLANG_WARN_DIRECT_OBJC_ISA_USAGE = YES_ERROR;
				CLANG_WARN_DOCUMENTATION_COMMENTS = YES;
				CLANG_WARN_EMPTY_BODY = YES;
				CLANG_WARN_ENUM_CONVERSION = YES;
				CLANG_WARN_INFINITE_RECURSION = YES;
				CLANG_WARN_INT_CONVERSION = YES;
				CLANG_WARN_NON_LITERAL_NULL_CONVERSION = YES;
				CLANG_WARN_OBJC_IMPLICIT_RETAIN_SELF = YES;
				CLANG_WARN_OBJC_LITERAL_CONVERSION = YES;
				CLANG_WARN_OBJC_ROOT_CLASS = YES_ERROR;
				CLANG_WARN_QUOTED_INCLUDE_IN_FRAMEWORK_HEADER = YES;
				CLANG_WARN_RANGE_LOOP_ANALYSIS = YES;
				CLANG_WARN_STRICT_PROTOTYPES = YES;
				CLANG_WARN_SUSPICIOUS_MOVE = YES;
				CLANG_WARN_UNGUARDED_AVAILABILITY = YES_AGGRESSIVE;
				CLANG_WARN_UNREACHABLE_CODE = YES;
				CLANG_WARN__DUPLICATE_METHOD_MATCH = YES;
				COPY_PHASE_STRIP = NO;
				DEBUG_INFORMATION_FORMAT = "dwarf-with-dsym";
				ENABLE_NS_ASSERTIONS = NO;
				ENABLE_STRICT_OBJC_MSGSEND = YES;
				ENABLE_USER_SCRIPT_SANDBOXING = YES;
				GCC_C_LANGUAGE_STANDARD = gnu17;
				GCC_NO_COMMON_BLOCKS = YES;
				GCC_WARN_64_TO_32_BIT_CONVERSION = YES;
				GCC_WARN_ABOUT_RETURN_TYPE = YES_ERROR;
				GCC_WARN_UNDECLARED_SELECTOR = YES;
				GCC_WARN_UNINITIALIZED_AUTOS = YES_AGGRESSIVE;
				GCC_WARN_UNUSED_FUNCTION = YES;
				GCC_WARN_UNUSED_VARIABLE = YES;
				IPHONEOS_DEPLOYMENT_TARGET = 18.4;
				LOCALIZATION_PREFERS_STRING_CATALOGS = YES;
				MTL_ENABLE_DEBUG_INFO = NO;
				MTL_FAST_MATH = YES;
				SDKROOT = iphoneos;
				SWIFT_COMPILATION_MODE = wholemodule;
				VALIDATE_PRODUCT = YES;
			};
			name = Release;
		};
		F914A3E82ECCA8E20053984D /* Debug */ = {
			isa = XCBuildConfiguration;
			buildSettings = {
				ASSETCATALOG_COMPILER_APPICON_NAME = AppIcon;
				ASSETCATALOG_COMPILER_GLOBAL_ACCENT_COLOR_NAME = AccentColor;
				CODE_SIGN_STYLE = Automatic;
				CURRENT_PROJECT_VERSION = 1;
				ENABLE_PREVIEWS = YES;
				GENERATE_INFOPLIST_FILE = YES;
				INFOPLIST_KEY_UIApplicationSceneManifest_Generation = YES;
				INFOPLIST_KEY_UIApplicationSupportsIndirectInputEvents = YES;
				INFOPLIST_KEY_UILaunchScreen_Generation = YES;
				INFOPLIST_KEY_UISupportedInterfaceOrientations_iPad = "UIInterfaceOrientationPortrait UIInterfaceOrientationPortraitUpsideDown UIInterfaceOrientationLandscapeLeft UIInterfaceOrientationLandscapeRight";
				INFOPLIST_KEY_UISupportedInterfaceOrientations_iPhone = "UIInterfaceOrientationPortrait UIInterfaceOrientationLandscapeLeft UIInterfaceOrientationLandscapeRight";
				LD_RUNPATH_SEARCH_PATHS = (
					"$(inherited)",
					"@executable_path/Frameworks",
				);
				MARKETING_VERSION = 1.0;
				PRODUCT_BUNDLE_IDENTIFIER = "com.Water-Reminder";
				PRODUCT_NAME = "$(TARGET_NAME)";
				SWIFT_EMIT_LOC_STRINGS = YES;
				SWIFT_VERSION = 5.0;
				TARGETED_DEVICE_FAMILY = "1,2";
			};
			name = Debug;
		};
		F914A3E92ECCA8E20053984D /* Release */ = {
			isa = XCBuildConfiguration;
			buildSettings = {
				ASSETCATALOG_COMPILER_APPICON_NAME = AppIcon;
				ASSETCATALOG_COMPILER_GLOBAL_ACCENT_COLOR_NAME = AccentColor;
				CODE_SIGN_STYLE = Automatic;
				CURRENT_PROJECT_VERSION = 1;
				ENABLE_PREVIEWS = YES;
				GENERATE_INFOPLIST_FILE = YES;
				INFOPLIST_KEY_UIApplicationSceneManifest_Generation = YES;
				INFOPLIST_KEY_UIApplicationSupportsIndirectInputEvents = YES;
				INFOPLIST_KEY_UILaunchScreen_Generation = YES;
				INFOPLIST_KEY_UISupportedInterfaceOrientations_iPad = "UIInterfaceOrientationPortrait UIInterfaceOrientationPortraitUpsideDown UIInterfaceOrientationLandscapeLeft UIInterfaceOrientationLandscapeRight";
				INFOPLIST_KEY_UISupportedInterfaceOrientations_iPhone = "UIInterfaceOrientationPortrait UIInterfaceOrientationLandscapeLeft UIInterfaceOrientationLandscapeRight";
				LD_RUNPATH_SEARCH_PATHS = (
					"$(inherited)",
					"@executable_path/Frameworks",
				);
				MARKETING_VERSION = 1.0;
				PRODUCT_BUNDLE_IDENTIFIER = "com.Water-Reminder";
				PRODUCT_NAME = "$(TARGET_NAME)";
				SWIFT_EMIT_LOC_STRINGS = YES;
				SWIFT_VERSION = 5.0;
				TARGETED_DEVICE_FAMILY = "1,2";
			};
			name = Release;
		};
		F914A3EB2ECCA8E20053984D /* Debug */ = {
			isa = XCBuildConfiguration;
			buildSettings = {
				BUNDLE_LOADER = "$(TEST_HOST)";
				CODE_SIGN_STYLE = Automatic;
				CURRENT_PROJECT_VERSION = 1;
				GENERATE_INFOPLIST_FILE = YES;
				IPHONEOS_DEPLOYMENT_TARGET = 18.4;
				MARKETING_VERSION = 1.0;
				PRODUCT_BUNDLE_IDENTIFIER = "com.Water-ReminderTests";
				PRODUCT_NAME = "$(TARGET_NAME)";
				SWIFT_EMIT_LOC_STRINGS = NO;
				SWIFT_VERSION = 5.0;
				TARGETED_DEVICE_FAMILY = "1,2";
				TEST_HOST = "$(BUILT_PRODUCTS_DIR)/Water Reminder.app/$(BUNDLE_EXECUTABLE_FOLDER_PATH)/Water Reminder";
			};
			name = Debug;
		};
		F914A3EC2ECCA8E20053984D /* Release */ = {
			isa = XCBuildConfiguration;
			buildSettings = {
				BUNDLE_LOADER = "$(TEST_HOST)";
				CODE_SIGN_STYLE = Automatic;
				CURRENT_PROJECT_VERSION = 1;
				GENERATE_INFOPLIST_FILE = YES;
				IPHONEOS_DEPLOYMENT_TARGET = 18.4;
				MARKETING_VERSION = 1.0;
				PRODUCT_BUNDLE_IDENTIFIER = "com.Water-ReminderTests";
				PRODUCT_NAME = "$(TARGET_NAME)";
				SWIFT_EMIT_LOC_STRINGS = NO;
				SWIFT_VERSION = 5.0;
				TARGETED_DEVICE_FAMILY = "1,2";
				TEST_HOST = "$(BUILT_PRODUCTS_DIR)/Water Reminder.app/$(BUNDLE_EXECUTABLE_FOLDER_PATH)/Water Reminder";
			};
			name = Release;
		};
		F914A3EE2ECCA8E20053984D /* Debug */ = {
			isa = XCBuildConfiguration;
			buildSettings = {
				CODE_SIGN_STYLE = Automatic;
				CURRENT_PROJECT_VERSION = 1;
				GENERATE_INFOPLIST_FILE = YES;
				MARKETING_VERSION = 1.0;
				PRODUCT_BUNDLE_IDENTIFIER = "com.Water-ReminderUITests";
				PRODUCT_NAME = "$(TARGET_NAME)";
				SWIFT_EMIT_LOC_STRINGS = NO;
				SWIFT_VERSION = 5.0;
				TARGETED_DEVICE_FAMILY = "1,2";
				TEST_TARGET_NAME = "Water Reminder";
			};
			name = Debug;
		};
		F914A3EF2ECCA8E20053984D /* Release */ = {
			isa = XCBuildConfiguration;
			buildSettings = {
				CODE_SIGN_STYLE = Automatic;
				CURRENT_PROJECT_VERSION = 1;
				GENERATE_INFOPLIST_FILE = YES;
				MARKETING_VERSION = 1.0;
				PRODUCT_BUNDLE_IDENTIFIER = "com.Water-ReminderUITests";
				PRODUCT_NAME = "$(TARGET_NAME)";
				SWIFT_EMIT_LOC_STRINGS = NO;
				SWIFT_VERSION = 5.0;
				TARGETED_DEVICE_FAMILY = "1,2";
				TEST_TARGET_NAME = "Water Reminder";
			};
			name = Release;
		};
/* End XCBuildConfiguration section */

/* Begin XCConfigurationList section */
		F914A3C12ECCA8DF0053984D /* Build configuration list for PBXProject "Water Reminder" */ = {
			isa = XCConfigurationList;
			buildConfigurations = (
				F914A3E52ECCA8E20053984D /* Debug */,
				F914A3E62ECCA8E20053984D /* Release */,
			);
			defaultConfigurationIsVisible = 0;
			defaultConfigurationName = Release;
		};
		F914A3E72ECCA8E20053984D /* Build configuration list for PBXNativeTarget "Water Reminder" */ = {
			isa = XCConfigurationList;
			buildConfigurations = (
				F914A3E82ECCA8E20053984D /* Debug */,
				F914A3E92ECCA8E20053984D /* Release */,
			);
			defaultConfigurationIsVisible = 0;
			defaultConfigurationName = Release;
		};
		F914A3EA2ECCA8E20053984D /* Build configuration list for PBXNativeTarget "Water ReminderTests" */ = {
			isa = XCConfigurationList;
			buildConfigurations = (
				F914A3EB2ECCA8E20053984D /* Debug */,
				F914A3EC2ECCA8E20053984D /* Release */,
			);
			defaultConfigurationIsVisible = 0;
			defaultConfigurationName = Release;
		};
		F914A3ED2ECCA8E20053984D /* Build configuration list for PBXNativeTarget "Water ReminderUITests" */ = {
			isa = XCConfigurationList;
			buildConfigurations = (
				F914A3EE2ECCA8E20053984D /* Debug */,
				F914A3EF2ECCA8E20053984D /* Release */,
			);
			defaultConfigurationIsVisible = 0;
			defaultConfigurationName = Release;
		};
/* End XCConfigurationList section */
	};
	rootObject = F914A3BE2ECCA8DF0053984D /* Project object */;
}
